{
  "name": "vc.ru",
  "lockfileVersion": 2,
  "requires": true,
  "packages": {
    "": {
      "dependencies": {
        "@editorjs/header": "^2.6.1",
        "@editorjs/inline-code": "^1.3.1",
        "@editorjs/marker": "^1.2.2",
        "@editorjs/table": "^2.1.2"
      }
    },
    "node_modules/@codexteam/icons": {
      "version": "0.0.6",
      "resolved": "https://registry.npmjs.org/@codexteam/icons/-/icons-0.0.6.tgz",
      "integrity": "sha512-L7Q5PET8PjKcBT5wp7VR+FCjwCi5PUp7rd/XjsgQ0CI5FJz0DphyHGRILMuDUdCW2MQT9NHbVr4QP31vwAkS/A=="
    },
    "node_modules/@editorjs/header": {
      "version": "2.6.1",
      "resolved": "https://registry.npmjs.org/@editorjs/header/-/header-2.6.1.tgz",
      "integrity": "sha512-EsnyVFv5uThpU9tbQ/dUPFCQoa/sBFy2n+9tN3wOXJGx7sjea4fdcacJ2UYhO+7pCgZ+aSgmMOyGLYHUFbchvA=="
    },
    "node_modules/@editorjs/inline-code": {
      "version": "1.3.1",
      "resolved": "https://registry.npmjs.org/@editorjs/inline-code/-/inline-code-1.3.1.tgz",
      "integrity": "sha512-iY6DeRmJo2Jl6sB2S9QEA9OoSp+KCHBztoY2fjPeiBcKCOKX8we5H3JQJTLxT0L/N8uJqCUiiPKgG6xvqaCn+g=="
    },
    "node_modules/@editorjs/marker": {
      "version": "1.2.2",
      "resolved": "https://registry.npmjs.org/@editorjs/marker/-/marker-1.2.2.tgz",
      "integrity": "sha512-BN/IHbVKKahGnMAiBOV5U7XUjfF6JkIkTZ6qNLxtTr7PUPM8UsJV8G8pyll9CX+XRUYYZyokA2kEBHTS4vUyyw=="
    },
    "node_modules/@editorjs/table": {
      "version": "2.1.2",
      "resolved": "https://registry.npmjs.org/@editorjs/table/-/table-2.1.2.tgz",
      "integrity": "sha512-0v29DU/HzjCOjkFxy8pjAhceWvCuaj70aS+i0YD1Wv7AvkMP66E4NW1lGFEv2eMaYCc5SL+/T1UJqhyd8H9uvg==",
      "dependencies": {
        "@codexteam/icons": "^0.0.6"
      }
    }
  },
  "dependencies": {
    "@codexteam/icons": {
      "version": "0.0.6",
      "resolved": "https://registry.npmjs.org/@codexteam/icons/-/icons-0.0.6.tgz",
      "integrity": "sha512-L7Q5PET8PjKcBT5wp7VR+FCjwCi5PUp7rd/XjsgQ0CI5FJz0DphyHGRILMuDUdCW2MQT9NHbVr4QP31vwAkS/A=="
    },
    "@editorjs/header": {
      "version": "2.6.1",
      "resolved": "https://registry.npmjs.org/@editorjs/header/-/header-2.6.1.tgz",
      "integrity": "sha512-EsnyVFv5uThpU9tbQ/dUPFCQoa/sBFy2n+9tN3wOXJGx7sjea4fdcacJ2UYhO+7pCgZ+aSgmMOyGLYHUFbchvA=="
    },
    "@editorjs/inline-code": {
      "version": "1.3.1",
      "resolved": "https://registry.npmjs.org/@editorjs/inline-code/-/inline-code-1.3.1.tgz",
      "integrity": "sha512-iY6DeRmJo2Jl6sB2S9QEA9OoSp+KCHBztoY2fjPeiBcKCOKX8we5H3JQJTLxT0L/N8uJqCUiiPKgG6xvqaCn+g=="
    },
    "@editorjs/marker": {
      "version": "1.2.2",
      "resolved": "https://registry.npmjs.org/@editorjs/marker/-/marker-1.2.2.tgz",
      "integrity": "sha512-BN/IHbVKKahGnMAiBOV5U7XUjfF6JkIkTZ6qNLxtTr7PUPM8UsJV8G8pyll9CX+XRUYYZyokA2kEBHTS4vUyyw=="
    },
    "@editorjs/table": {
      "version": "2.1.2",
      "resolved": "https://registry.npmjs.org/@editorjs/table/-/table-2.1.2.tgz",
      "integrity": "sha512-0v29DU/HzjCOjkFxy8pjAhceWvCuaj70aS+i0YD1Wv7AvkMP66E4NW1lGFEv2eMaYCc5SL+/T1UJqhyd8H9uvg==",
      "requires": {
        "@codexteam/icons": "^0.0.6"
      }
    }
  }
}
